
Microsoft Visual Studio Solution File, Format Version 12.00
# Visual Studio 15
VisualStudioVersion = 15.0.27004.2002
MinimumVisualStudioVersion = 10.0.40219.1
Project("{FAE04EC0-301F-11D3-BF4B-00C04F79EFBC}") = "Core", "Core\Core.csproj", "{F2E934F3-A7FA-40D2-AB9C-C8931811A4B6}"
EndProject
Project("{FAE04EC0-301F-11D3-BF4B-00C04F79EFBC}") = "Core.Exceptions", "Core.Exceptions\Core.Exceptions.csproj", "{9FBF5336-3A87-4FC3-B1FE-4FE6A0932B52}"
EndProject
Project("{FAE04EC0-301F-11D3-BF4B-00C04F79EFBC}") = "Core.Logging", "Core.Logging\Core.Logging.csproj", "{603685DF-6E87-4154-B858-A85865CEB22B}"
EndProject
Project("{FAE04EC0-301F-11D3-BF4B-00C04F79EFBC}") = "Core.Logging.MongoDB", "Core.Logging.MongoDB\Core.Logging.MongoDB.csproj", "{6AA58C9F-64B3-40DE-BB7D-1F7DF17394C2}"
EndProject
Project("{FAE04EC0-301F-11D3-BF4B-00C04F79EFBC}") = "Core.MongoDB", "Core.MongoDB\Core.MongoDB.csproj", "{74A7A143-4AE0-40EB-A454-DD5445BB6830}"
EndProject
Project("{FAE04EC0-301F-11D3-BF4B-00C04F79EFBC}") = "EntityUnitTests", "EntityUnitTests\EntityUnitTests.csproj", "{E2C1C9DA-B9A7-4976-ACE1-5EB6A55822C6}"
EndProject
Project("{FAE04EC0-301F-11D3-BF4B-00C04F79EFBC}") = "RA.MongoDB", "RA.MongoDB\RA.MongoDB.csproj", "{A95E6F32-DF0D-40F9-834F-95E303F5A88A}"
EndProject
Project("{FAE04EC0-301F-11D3-BF4B-00C04F79EFBC}") = "RA.RadonRepository", "RA.RadonRepository\RA.RadonRepository.csproj", "{E49F7E1F-368A-48FB-8F6B-ABB268752851}"
EndProject
Project("{FAE04EC0-301F-11D3-BF4B-00C04F79EFBC}") = "RA.DALAccess", "RA.DALAccess\RA.DALAccess.csproj", "{D6FD5403-FBF6-4B8E-8E64-2561375251CD}"
EndProject
Project("{FAE04EC0-301F-11D3-BF4B-00C04F79EFBC}") = "RA.svc", "RA.svc\RA.svc.csproj", "{B6D4E72C-6BE9-4336-B9C5-9603519C74CD}"
EndProject
Global
	GlobalSection(SolutionConfigurationPlatforms) = preSolution
		Debug|Any CPU = Debug|Any CPU
		Hardware Debug|Any CPU = Hardware Debug|Any CPU
		Hardware_Debug|Any CPU = Hardware_Debug|Any CPU
		Release|Any CPU = Release|Any CPU
		Release-Client|Any CPU = Release-Client|Any CPU
		Release-Windows.Client|Any CPU = Release-Windows.Client|Any CPU
	EndGlobalSection
	GlobalSection(ProjectConfigurationPlatforms) = postSolution
		{F2E934F3-A7FA-40D2-AB9C-C8931811A4B6}.Debug|Any CPU.ActiveCfg = Debug|Any CPU
		{F2E934F3-A7FA-40D2-AB9C-C8931811A4B6}.Debug|Any CPU.Build.0 = Debug|Any CPU
		{F2E934F3-A7FA-40D2-AB9C-C8931811A4B6}.Hardware Debug|Any CPU.ActiveCfg = Hardware Debug|Any CPU
		{F2E934F3-A7FA-40D2-AB9C-C8931811A4B6}.Hardware Debug|Any CPU.Build.0 = Hardware Debug|Any CPU
		{F2E934F3-A7FA-40D2-AB9C-C8931811A4B6}.Hardware_Debug|Any CPU.ActiveCfg = Hardware_Debug|Any CPU
		{F2E934F3-A7FA-40D2-AB9C-C8931811A4B6}.Hardware_Debug|Any CPU.Build.0 = Hardware_Debug|Any CPU
		{F2E934F3-A7FA-40D2-AB9C-C8931811A4B6}.Release|Any CPU.ActiveCfg = Release|Any CPU
		{F2E934F3-A7FA-40D2-AB9C-C8931811A4B6}.Release|Any CPU.Build.0 = Release|Any CPU
		{F2E934F3-A7FA-40D2-AB9C-C8931811A4B6}.Release-Client|Any CPU.ActiveCfg = Release-Client|Any CPU
		{F2E934F3-A7FA-40D2-AB9C-C8931811A4B6}.Release-Client|Any CPU.Build.0 = Release-Client|Any CPU
		{F2E934F3-A7FA-40D2-AB9C-C8931811A4B6}.Release-Windows.Client|Any CPU.ActiveCfg = Release-Windows.Client|Any CPU
		{F2E934F3-A7FA-40D2-AB9C-C8931811A4B6}.Release-Windows.Client|Any CPU.Build.0 = Release-Windows.Client|Any CPU
		{9FBF5336-3A87-4FC3-B1FE-4FE6A0932B52}.Debug|Any CPU.ActiveCfg = Debug|Any CPU
		{9FBF5336-3A87-4FC3-B1FE-4FE6A0932B52}.Debug|Any CPU.Build.0 = Debug|Any CPU
		{9FBF5336-3A87-4FC3-B1FE-4FE6A0932B52}.Hardware Debug|Any CPU.ActiveCfg = Hardware Debug|Any CPU
		{9FBF5336-3A87-4FC3-B1FE-4FE6A0932B52}.Hardware Debug|Any CPU.Build.0 = Hardware Debug|Any CPU
		{9FBF5336-3A87-4FC3-B1FE-4FE6A0932B52}.Hardware_Debug|Any CPU.ActiveCfg = Hardware_Debug|Any CPU
		{9FBF5336-3A87-4FC3-B1FE-4FE6A0932B52}.Hardware_Debug|Any CPU.Build.0 = Hardware_Debug|Any CPU
		{9FBF5336-3A87-4FC3-B1FE-4FE6A0932B52}.Release|Any CPU.ActiveCfg = Release|Any CPU
		{9FBF5336-3A87-4FC3-B1FE-4FE6A0932B52}.Release|Any CPU.Build.0 = Release|Any CPU
		{9FBF5336-3A87-4FC3-B1FE-4FE6A0932B52}.Release-Client|Any CPU.ActiveCfg = Release-Windows.Client|Any CPU
		{9FBF5336-3A87-4FC3-B1FE-4FE6A0932B52}.Release-Client|Any CPU.Build.0 = Release-Windows.Client|Any CPU
		{9FBF5336-3A87-4FC3-B1FE-4FE6A0932B52}.Release-Windows.Client|Any CPU.ActiveCfg = Release-Windows.Client|Any CPU
		{9FBF5336-3A87-4FC3-B1FE-4FE6A0932B52}.Release-Windows.Client|Any CPU.Build.0 = Release-Windows.Client|Any CPU
		{603685DF-6E87-4154-B858-A85865CEB22B}.Debug|Any CPU.ActiveCfg = Debug|Any CPU
		{603685DF-6E87-4154-B858-A85865CEB22B}.Debug|Any CPU.Build.0 = Debug|Any CPU
		{603685DF-6E87-4154-B858-A85865CEB22B}.Hardware Debug|Any CPU.ActiveCfg = Hardware Debug|Any CPU
		{603685DF-6E87-4154-B858-A85865CEB22B}.Hardware Debug|Any CPU.Build.0 = Hardware Debug|Any CPU
		{603685DF-6E87-4154-B858-A85865CEB22B}.Hardware_Debug|Any CPU.ActiveCfg = Hardware_Debug|Any CPU
		{603685DF-6E87-4154-B858-A85865CEB22B}.Hardware_Debug|Any CPU.Build.0 = Hardware_Debug|Any CPU
		{603685DF-6E87-4154-B858-A85865CEB22B}.Release|Any CPU.ActiveCfg = Release|Any CPU
		{603685DF-6E87-4154-B858-A85865CEB22B}.Release|Any CPU.Build.0 = Release|Any CPU
		{603685DF-6E87-4154-B858-A85865CEB22B}.Release-Client|Any CPU.ActiveCfg = Release-Windows.Client|Any CPU
		{603685DF-6E87-4154-B858-A85865CEB22B}.Release-Client|Any CPU.Build.0 = Release-Windows.Client|Any CPU
		{603685DF-6E87-4154-B858-A85865CEB22B}.Release-Windows.Client|Any CPU.ActiveCfg = Release-Windows.Client|Any CPU
		{603685DF-6E87-4154-B858-A85865CEB22B}.Release-Windows.Client|Any CPU.Build.0 = Release-Windows.Client|Any CPU
		{6AA58C9F-64B3-40DE-BB7D-1F7DF17394C2}.Debug|Any CPU.ActiveCfg = Debug|Any CPU
		{6AA58C9F-64B3-40DE-BB7D-1F7DF17394C2}.Debug|Any CPU.Build.0 = Debug|Any CPU
		{6AA58C9F-64B3-40DE-BB7D-1F7DF17394C2}.Hardware Debug|Any CPU.ActiveCfg = Hardware Debug|Any CPU
		{6AA58C9F-64B3-40DE-BB7D-1F7DF17394C2}.Hardware Debug|Any CPU.Build.0 = Hardware Debug|Any CPU
		{6AA58C9F-64B3-40DE-BB7D-1F7DF17394C2}.Hardware_Debug|Any CPU.ActiveCfg = Hardware_Debug|Any CPU
		{6AA58C9F-64B3-40DE-BB7D-1F7DF17394C2}.Hardware_Debug|Any CPU.Build.0 = Hardware_Debug|Any CPU
		{6AA58C9F-64B3-40DE-BB7D-1F7DF17394C2}.Release|Any CPU.ActiveCfg = Release|Any CPU
		{6AA58C9F-64B3-40DE-BB7D-1F7DF17394C2}.Release|Any CPU.Build.0 = Release|Any CPU
		{6AA58C9F-64B3-40DE-BB7D-1F7DF17394C2}.Release-Client|Any CPU.ActiveCfg = Release|Any CPU
		{6AA58C9F-64B3-40DE-BB7D-1F7DF17394C2}.Release-Client|Any CPU.Build.0 = Release|Any CPU
		{6AA58C9F-64B3-40DE-BB7D-1F7DF17394C2}.Release-Windows.Client|Any CPU.ActiveCfg = Release|Any CPU
		{6AA58C9F-64B3-40DE-BB7D-1F7DF17394C2}.Release-Windows.Client|Any CPU.Build.0 = Release|Any CPU
		{74A7A143-4AE0-40EB-A454-DD5445BB6830}.Debug|Any CPU.ActiveCfg = Debug|Any CPU
		{74A7A143-4AE0-40EB-A454-DD5445BB6830}.Debug|Any CPU.Build.0 = Debug|Any CPU
		{74A7A143-4AE0-40EB-A454-DD5445BB6830}.Hardware Debug|Any CPU.ActiveCfg = Hardware Debug|Any CPU
		{74A7A143-4AE0-40EB-A454-DD5445BB6830}.Hardware Debug|Any CPU.Build.0 = Hardware Debug|Any CPU
		{74A7A143-4AE0-40EB-A454-DD5445BB6830}.Hardware_Debug|Any CPU.ActiveCfg = Hardware_Debug|Any CPU
		{74A7A143-4AE0-40EB-A454-DD5445BB6830}.Hardware_Debug|Any CPU.Build.0 = Hardware_Debug|Any CPU
		{74A7A143-4AE0-40EB-A454-DD5445BB6830}.Release|Any CPU.ActiveCfg = Release|Any CPU
		{74A7A143-4AE0-40EB-A454-DD5445BB6830}.Release|Any CPU.Build.0 = Release|Any CPU
		{74A7A143-4AE0-40EB-A454-DD5445BB6830}.Release-Client|Any CPU.ActiveCfg = Release|Any CPU
		{74A7A143-4AE0-40EB-A454-DD5445BB6830}.Release-Client|Any CPU.Build.0 = Release|Any CPU
		{74A7A143-4AE0-40EB-A454-DD5445BB6830}.Release-Windows.Client|Any CPU.ActiveCfg = Release|Any CPU
		{74A7A143-4AE0-40EB-A454-DD5445BB6830}.Release-Windows.Client|Any CPU.Build.0 = Release|Any CPU
		{E2C1C9DA-B9A7-4976-ACE1-5EB6A55822C6}.Debug|Any CPU.ActiveCfg = Debug|Any CPU
		{E2C1C9DA-B9A7-4976-ACE1-5EB6A55822C6}.Debug|Any CPU.Build.0 = Debug|Any CPU
		{E2C1C9DA-B9A7-4976-ACE1-5EB6A55822C6}.Hardware Debug|Any CPU.ActiveCfg = Debug|Any CPU
		{E2C1C9DA-B9A7-4976-ACE1-5EB6A55822C6}.Hardware Debug|Any CPU.Build.0 = Debug|Any CPU
		{E2C1C9DA-B9A7-4976-ACE1-5EB6A55822C6}.Hardware_Debug|Any CPU.ActiveCfg = Debug|Any CPU
		{E2C1C9DA-B9A7-4976-ACE1-5EB6A55822C6}.Hardware_Debug|Any CPU.Build.0 = Debug|Any CPU
		{E2C1C9DA-B9A7-4976-ACE1-5EB6A55822C6}.Release|Any CPU.ActiveCfg = Release|Any CPU
		{E2C1C9DA-B9A7-4976-ACE1-5EB6A55822C6}.Release|Any CPU.Build.0 = Release|Any CPU
		{E2C1C9DA-B9A7-4976-ACE1-5EB6A55822C6}.Release-Client|Any CPU.ActiveCfg = Release|Any CPU
		{E2C1C9DA-B9A7-4976-ACE1-5EB6A55822C6}.Release-Client|Any CPU.Build.0 = Release|Any CPU
		{E2C1C9DA-B9A7-4976-ACE1-5EB6A55822C6}.Release-Windows.Client|Any CPU.ActiveCfg = Release|Any CPU
		{E2C1C9DA-B9A7-4976-ACE1-5EB6A55822C6}.Release-Windows.Client|Any CPU.Build.0 = Release|Any CPU
		{A95E6F32-DF0D-40F9-834F-95E303F5A88A}.Debug|Any CPU.ActiveCfg = Debug|Any CPU
		{A95E6F32-DF0D-40F9-834F-95E303F5A88A}.Debug|Any CPU.Build.0 = Debug|Any CPU
		{A95E6F32-DF0D-40F9-834F-95E303F5A88A}.Hardware Debug|Any CPU.ActiveCfg = Hardware Debug|Any CPU
		{A95E6F32-DF0D-40F9-834F-95E303F5A88A}.Hardware Debug|Any CPU.Build.0 = Hardware Debug|Any CPU
		{A95E6F32-DF0D-40F9-834F-95E303F5A88A}.Hardware_Debug|Any CPU.ActiveCfg = Hardware_Debug|Any CPU
		{A95E6F32-DF0D-40F9-834F-95E303F5A88A}.Hardware_Debug|Any CPU.Build.0 = Hardware_Debug|Any CPU
		{A95E6F32-DF0D-40F9-834F-95E303F5A88A}.Release|Any CPU.ActiveCfg = Release|Any CPU
		{A95E6F32-DF0D-40F9-834F-95E303F5A88A}.Release|Any CPU.Build.0 = Release|Any CPU
		{A95E6F32-DF0D-40F9-834F-95E303F5A88A}.Release-Client|Any CPU.ActiveCfg = Release|Any CPU
		{A95E6F32-DF0D-40F9-834F-95E303F5A88A}.Release-Client|Any CPU.Build.0 = Release|Any CPU
		{A95E6F32-DF0D-40F9-834F-95E303F5A88A}.Release-Windows.Client|Any CPU.ActiveCfg = Release|Any CPU
		{A95E6F32-DF0D-40F9-834F-95E303F5A88A}.Release-Windows.Client|Any CPU.Build.0 = Release|Any CPU
		{E49F7E1F-368A-48FB-8F6B-ABB268752851}.Debug|Any CPU.ActiveCfg = Debug|Any CPU
		{E49F7E1F-368A-48FB-8F6B-ABB268752851}.Debug|Any CPU.Build.0 = Debug|Any CPU
		{E49F7E1F-368A-48FB-8F6B-ABB268752851}.Hardware Debug|Any CPU.ActiveCfg = Debug|Any CPU
		{E49F7E1F-368A-48FB-8F6B-ABB268752851}.Hardware Debug|Any CPU.Build.0 = Debug|Any CPU
		{E49F7E1F-368A-48FB-8F6B-ABB268752851}.Hardware_Debug|Any CPU.ActiveCfg = Debug|Any CPU
		{E49F7E1F-368A-48FB-8F6B-ABB268752851}.Hardware_Debug|Any CPU.Build.0 = Debug|Any CPU
		{E49F7E1F-368A-48FB-8F6B-ABB268752851}.Release|Any CPU.ActiveCfg = Release|Any CPU
		{E49F7E1F-368A-48FB-8F6B-ABB268752851}.Release|Any CPU.Build.0 = Release|Any CPU
		{E49F7E1F-368A-48FB-8F6B-ABB268752851}.Release-Client|Any CPU.ActiveCfg = Release|Any CPU
		{E49F7E1F-368A-48FB-8F6B-ABB268752851}.Release-Client|Any CPU.Build.0 = Release|Any CPU
		{E49F7E1F-368A-48FB-8F6B-ABB268752851}.Release-Windows.Client|Any CPU.ActiveCfg = Release|Any CPU
		{E49F7E1F-368A-48FB-8F6B-ABB268752851}.Release-Windows.Client|Any CPU.Build.0 = Release|Any CPU
		{D6FD5403-FBF6-4B8E-8E64-2561375251CD}.Debug|Any CPU.ActiveCfg = Debug|Any CPU
		{D6FD5403-FBF6-4B8E-8E64-2561375251CD}.Debug|Any CPU.Build.0 = Debug|Any CPU
		{D6FD5403-FBF6-4B8E-8E64-2561375251CD}.Hardware Debug|Any CPU.ActiveCfg = Debug|Any CPU
		{D6FD5403-FBF6-4B8E-8E64-2561375251CD}.Hardware Debug|Any CPU.Build.0 = Debug|Any CPU
		{D6FD5403-FBF6-4B8E-8E64-2561375251CD}.Hardware_Debug|Any CPU.ActiveCfg = Debug|Any CPU
		{D6FD5403-FBF6-4B8E-8E64-2561375251CD}.Hardware_Debug|Any CPU.Build.0 = Debug|Any CPU
		{D6FD5403-FBF6-4B8E-8E64-2561375251CD}.Release|Any CPU.ActiveCfg = Release|Any CPU
		{D6FD5403-FBF6-4B8E-8E64-2561375251CD}.Release|Any CPU.Build.0 = Release|Any CPU
		{D6FD5403-FBF6-4B8E-8E64-2561375251CD}.Release-Client|Any CPU.ActiveCfg = Release|Any CPU
		{D6FD5403-FBF6-4B8E-8E64-2561375251CD}.Release-Client|Any CPU.Build.0 = Release|Any CPU
		{D6FD5403-FBF6-4B8E-8E64-2561375251CD}.Release-Windows.Client|Any CPU.ActiveCfg = Release|Any CPU
		{D6FD5403-FBF6-4B8E-8E64-2561375251CD}.Release-Windows.Client|Any CPU.Build.0 = Release|Any CPU
		{B6D4E72C-6BE9-4336-B9C5-9603519C74CD}.Debug|Any CPU.ActiveCfg = Debug|Any CPU
		{B6D4E72C-6BE9-4336-B9C5-9603519C74CD}.Debug|Any CPU.Build.0 = Debug|Any CPU
		{B6D4E72C-6BE9-4336-B9C5-9603519C74CD}.Hardware Debug|Any CPU.ActiveCfg = Debug|Any CPU
		{B6D4E72C-6BE9-4336-B9C5-9603519C74CD}.Hardware Debug|Any CPU.Build.0 = Debug|Any CPU
		{B6D4E72C-6BE9-4336-B9C5-9603519C74CD}.Hardware_Debug|Any CPU.ActiveCfg = Debug|Any CPU
		{B6D4E72C-6BE9-4336-B9C5-9603519C74CD}.Hardware_Debug|Any CPU.Build.0 = Debug|Any CPU
		{B6D4E72C-6BE9-4336-B9C5-9603519C74CD}.Release|Any CPU.ActiveCfg = Release|Any CPU
		{B6D4E72C-6BE9-4336-B9C5-9603519C74CD}.Release|Any CPU.Build.0 = Release|Any CPU
		{B6D4E72C-6BE9-4336-B9C5-9603519C74CD}.Release-Client|Any CPU.ActiveCfg = Release|Any CPU
		{B6D4E72C-6BE9-4336-B9C5-9603519C74CD}.Release-Client|Any CPU.Build.0 = Release|Any CPU
		{B6D4E72C-6BE9-4336-B9C5-9603519C74CD}.Release-Windows.Client|Any CPU.ActiveCfg = Release|Any CPU
		{B6D4E72C-6BE9-4336-B9C5-9603519C74CD}.Release-Windows.Client|Any CPU.Build.0 = Release|Any CPU
	EndGlobalSection
	GlobalSection(SolutionProperties) = preSolution
		HideSolutionNode = FALSE
	EndGlobalSection
	GlobalSection(ExtensibilityGlobals) = postSolution
		SolutionGuid = {6E6AF4F0-D192-4A0C-AB5D-238674DE2081}
	EndGlobalSection
EndGlobal
